{
  "name": "test-array-map",
  "version": "1.0.1",
  "lockfileVersion": 1,
  "requires": true,
  "dependencies": {
    "test-array-map-nate": {
      "version": "1.0.1",
      "resolved": "https://registry.npmjs.org/test-array-map-nate/-/test-array-map-nate-1.0.1.tgz",
      "integrity": "sha512-MqJjv/hp2Eoca5Az24XMnYd+3vrL+giKP/MVq8yzbFF+jHYtT13guQzKxO2NCyrhGkDmK8V09G++jlZt9v+oBg==",
      "requires": {
        "test-array-map-nate": "^1.0.0"
      }
    },
    "typescript": {
      "version": "3.9.7",
      "resolved": "https://registry.npmjs.org/typescript/-/typescript-3.9.7.tgz",
      "integrity": "sha512-BLbiRkiBzAwsjut4x/dsibSTB6yWpwT5qWmC2OfuCg3GgVQCSgMs4vEctYPhsaGtd0AeuuHMkjZ2h2WG8MSzRw==",
      "dev": true
    }
  }
}
